<?xml version="1.0" encoding="UTF-8"?>
<CodeBlocks_project_file>
	<FileVersion major="1" minor="6"/>
	<Project>
		<Option title="AES_Tool"/>
		<Option makefile_is_custom="1"/>
		<Option compiler="gcc"/>
		<Option virtualFolders="CMake Files\;"/>
		<Build>
			<Target title="all">
				<Option working_dir="/home/ahubchak/CLionProjects/AES Tool"/>
				<Option type="4"/>
				<MakeCommands>
					<Build command="/usr/bin/make -j4 -f &quot;/home/ahubchak/CLionProjects/AES\ Tool/Makefile&quot;  VERBOSE=1 all"/>
					<CompileFile command="/usr/bin/make -j4 -f &quot;/home/ahubchak/CLionProjects/AES\ Tool/Makefile&quot;  VERBOSE=1 &quot;$file&quot;"/>
					<Clean command="/usr/bin/make -j4 -f &quot;/home/ahubchak/CLionProjects/AES\ Tool/Makefile&quot;  VERBOSE=1 clean"/>
					<DistClean command="/usr/bin/make -j4 -f &quot;/home/ahubchak/CLionProjects/AES\ Tool/Makefile&quot;  VERBOSE=1 clean"/>
				</MakeCommands>
			</Target>
			<Target title="edit_cache">
				<Option working_dir="/home/ahubchak/CLionProjects/AES Tool"/>
				<Option type="4"/>
				<MakeCommands>
					<Build command="/usr/bin/make -j4 -f &quot;/home/ahubchak/CLionProjects/AES\ Tool/Makefile&quot;  VERBOSE=1 edit_cache"/>
					<CompileFile command="/usr/bin/make -j4 -f &quot;/home/ahubchak/CLionProjects/AES\ Tool/Makefile&quot;  VERBOSE=1 &quot;$file&quot;"/>
					<Clean command="/usr/bin/make -j4 -f &quot;/home/ahubchak/CLionProjects/AES\ Tool/Makefile&quot;  VERBOSE=1 clean"/>
					<DistClean command="/usr/bin/make -j4 -f &quot;/home/ahubchak/CLionProjects/AES\ Tool/Makefile&quot;  VERBOSE=1 clean"/>
				</MakeCommands>
			</Target>
			<Target title="rebuild_cache">
				<Option working_dir="/home/ahubchak/CLionProjects/AES Tool"/>
				<Option type="4"/>
				<MakeCommands>
					<Build command="/usr/bin/make -j4 -f &quot;/home/ahubchak/CLionProjects/AES\ Tool/Makefile&quot;  VERBOSE=1 rebuild_cache"/>
					<CompileFile command="/usr/bin/make -j4 -f &quot;/home/ahubchak/CLionProjects/AES\ Tool/Makefile&quot;  VERBOSE=1 &quot;$file&quot;"/>
					<Clean command="/usr/bin/make -j4 -f &quot;/home/ahubchak/CLionProjects/AES\ Tool/Makefile&quot;  VERBOSE=1 clean"/>
					<DistClean command="/usr/bin/make -j4 -f &quot;/home/ahubchak/CLionProjects/AES\ Tool/Makefile&quot;  VERBOSE=1 clean"/>
				</MakeCommands>
			</Target>
			<Target title="AES_Tool">
				<Option output="/home/ahubchak/CLionProjects/AES Tool/AES_Tool" prefix_auto="0" extension_auto="0"/>
				<Option working_dir="/home/ahubchak/CLionProjects/AES Tool"/>
				<Option object_output="./"/>
				<Option type="1"/>
				<Option compiler="gcc"/>
				<Compiler>
					<Add directory="/home/ahubchak/CLionProjects/AES Tool/LibTomCrypt/src/headers"/>
					<Add directory="/usr/lib/gcc/x86_64-linux-gnu/5/include"/>
					<Add directory="/usr/local/include"/>
					<Add directory="/usr/lib/gcc/x86_64-linux-gnu/5/include-fixed"/>
					<Add directory="/usr/include/x86_64-linux-gnu"/>
					<Add directory="/usr/include"/>
					<Add directory="/usr/include/c++/5"/>
					<Add directory="/usr/include/x86_64-linux-gnu/c++/5"/>
					<Add directory="/usr/include/c++/5/backward"/>
				</Compiler>
				<MakeCommands>
					<Build command="/usr/bin/make -j4 -f &quot;/home/ahubchak/CLionProjects/AES\ Tool/Makefile&quot;  VERBOSE=1 AES_Tool"/>
					<CompileFile command="/usr/bin/make -j4 -f &quot;/home/ahubchak/CLionProjects/AES\ Tool/Makefile&quot;  VERBOSE=1 &quot;$file&quot;"/>
					<Clean command="/usr/bin/make -j4 -f &quot;/home/ahubchak/CLionProjects/AES\ Tool/Makefile&quot;  VERBOSE=1 clean"/>
					<DistClean command="/usr/bin/make -j4 -f &quot;/home/ahubchak/CLionProjects/AES\ Tool/Makefile&quot;  VERBOSE=1 clean"/>
				</MakeCommands>
			</Target>
			<Target title="AES_Tool/fast">
				<Option output="/home/ahubchak/CLionProjects/AES Tool/AES_Tool" prefix_auto="0" extension_auto="0"/>
				<Option working_dir="/home/ahubchak/CLionProjects/AES Tool"/>
				<Option object_output="./"/>
				<Option type="1"/>
				<Option compiler="gcc"/>
				<Compiler>
					<Add directory="/home/ahubchak/CLionProjects/AES Tool/LibTomCrypt/src/headers"/>
					<Add directory="/usr/lib/gcc/x86_64-linux-gnu/5/include"/>
					<Add directory="/usr/local/include"/>
					<Add directory="/usr/lib/gcc/x86_64-linux-gnu/5/include-fixed"/>
					<Add directory="/usr/include/x86_64-linux-gnu"/>
					<Add directory="/usr/include"/>
					<Add directory="/usr/include/c++/5"/>
					<Add directory="/usr/include/x86_64-linux-gnu/c++/5"/>
					<Add directory="/usr/include/c++/5/backward"/>
				</Compiler>
				<MakeCommands>
					<Build command="/usr/bin/make -j4 -f &quot;/home/ahubchak/CLionProjects/AES\ Tool/Makefile&quot;  VERBOSE=1 AES_Tool/fast"/>
					<CompileFile command="/usr/bin/make -j4 -f &quot;/home/ahubchak/CLionProjects/AES\ Tool/Makefile&quot;  VERBOSE=1 &quot;$file&quot;"/>
					<Clean command="/usr/bin/make -j4 -f &quot;/home/ahubchak/CLionProjects/AES\ Tool/Makefile&quot;  VERBOSE=1 clean"/>
					<DistClean command="/usr/bin/make -j4 -f &quot;/home/ahubchak/CLionProjects/AES\ Tool/Makefile&quot;  VERBOSE=1 clean"/>
				</MakeCommands>
			</Target>
		</Build>
		<Unit filename="/home/ahubchak/CLionProjects/AES Tool/LibTomCrypt/src">
			<Option target="AES_Tool"/>
		</Unit>
		<Unit filename="/home/ahubchak/CLionProjects/AES Tool/LibTomCrypt/src/ciphers/aes/aes.c">
			<Option target="AES_Tool"/>
		</Unit>
		<Unit filename="/home/ahubchak/CLionProjects/AES Tool/LibTomCrypt/src/ciphers/aes/aes_tab.c">
			<Option target="AES_Tool"/>
		</Unit>
		<Unit filename="/home/ahubchak/CLionProjects/AES Tool/LibTomCrypt/src/encauth/ccm/ccm_memory.c">
			<Option target="AES_Tool"/>
		</Unit>
		<Unit filename="/home/ahubchak/CLionProjects/AES Tool/LibTomCrypt/src/misc/crypt/crypt_argchk.c">
			<Option target="AES_Tool"/>
		</Unit>
		<Unit filename="/home/ahubchak/CLionProjects/AES Tool/LibTomCrypt/src/misc/crypt/crypt_cipher_descriptor.c">
			<Option target="AES_Tool"/>
		</Unit>
		<Unit filename="/home/ahubchak/CLionProjects/AES Tool/LibTomCrypt/src/misc/crypt/crypt_cipher_is_valid.c">
			<Option target="AES_Tool"/>
		</Unit>
		<Unit filename="/home/ahubchak/CLionProjects/AES Tool/LibTomCrypt/src/misc/crypt/crypt_find_cipher.c">
			<Option target="AES_Tool"/>
		</Unit>
		<Unit filename="/home/ahubchak/CLionProjects/AES Tool/LibTomCrypt/src/misc/crypt/crypt_register_cipher.c">
			<Option target="AES_Tool"/>
		</Unit>
		<Unit filename="/home/ahubchak/CLionProjects/AES Tool/LibTomCrypt/src/misc/mem_neq.c">
			<Option target="AES_Tool"/>
		</Unit>
		<Unit filename="/home/ahubchak/CLionProjects/AES Tool/LibTomCrypt/src/misc/zeromem.c">
			<Option target="AES_Tool"/>
		</Unit>
		<Unit filename="/home/ahubchak/CLionProjects/AES Tool/main.c">
			<Option target="AES_Tool"/>
		</Unit>
		<Unit filename="/home/ahubchak/CLionProjects/AES Tool/CMakeLists.txt">
			<Option virtualFolder="CMake Files\"/>
		</Unit>
	</Project>
</CodeBlocks_project_file>
